
Microsoft Visual Studio Solution File, Format Version 12.00
# Visual Studio Version 16
VisualStudioVersion = 16.0.30225.117
MinimumVisualStudioVersion = 10.0.40219.1
Project("{2150E333-8FDC-42A3-9474-1A3956D46DE8}") = "Solution Items", "Solution Items", "{A20F987D-59EC-4463-BD69-4839D058FC71}"
	ProjectSection(SolutionItems) = preProject
		index.html = index.html
		Style.css = Style.css
		weather.js = weather.js
	EndProjectSection
EndProject
Global
	GlobalSection(SolutionProperties) = preSolution
		HideSolutionNode = FALSE
	EndGlobalSection
	GlobalSection(ExtensibilityGlobals) = postSolution
		SolutionGuid = {6454F2EF-A6B2-4017-AB46-500569F04886}
	EndGlobalSection
EndGlobal
